
Microsoft Visual Studio Solution File, Format Version 12.00
# Visual Studio Version 17
VisualStudioVersion = 17.4.33205.214
MinimumVisualStudioVersion = 10.0.40219.1
Project("{2150E333-8FDC-42A3-9474-1A3956D46DE8}") = "ch6", "ch6", "{CC53737A-ED55-472C-9617-FE4A4BD40203}"
EndProject
Project("{2150E333-8FDC-42A3-9474-1A3956D46DE8}") = "CreationMethod", "CreationMethod", "{8ABAA982-9AC1-487D-AA6D-1AA64448FFBB}"
EndProject
Project("{2150E333-8FDC-42A3-9474-1A3956D46DE8}") = "Before", "Before", "{47D6B367-ACB0-4D2F-98AA-699B36AC68C3}"
EndProject
Project("{9A19103F-16F7-4668-BE54-9A1E7A4F7556}") = "CreationMethod", "ch6\CreationMethod\Before\CreationMethod\CreationMethod.csproj", "{34E80B4D-D055-4803-B433-1A6EBE89D4E8}"
EndProject
Project("{9A19103F-16F7-4668-BE54-9A1E7A4F7556}") = "CreationMethod.Tests", "ch6\CreationMethod\Before\CreationMethod.Tests\CreationMethod.Tests.csproj", "{74422439-0424-474C-9862-176A89432AB1}"
EndProject
Project("{2150E333-8FDC-42A3-9474-1A3956D46DE8}") = "After", "After", "{079F2F7D-16F3-42A4-9F5B-39F0FF5616BF}"
EndProject
Project("{9A19103F-16F7-4668-BE54-9A1E7A4F7556}") = "CreationMethod", "ch6\CreationMethod\After\CreationMethod\CreationMethod.csproj", "{616F3DD8-7C73-4EA8-947F-BB06E01007F7}"
EndProject
Project("{9A19103F-16F7-4668-BE54-9A1E7A4F7556}") = "CreationMethod.Tests", "ch6\CreationMethod\After\CreationMethod.Tests\CreationMethod.Tests.csproj", "{E5C379F5-5EE0-4B54-9396-BD65E271BA41}"
EndProject
Project("{2150E333-8FDC-42A3-9474-1A3956D46DE8}") = "Move Creation Knowledge to Factory", "Move Creation Knowledge to Factory", "{857B7E4C-17D6-44AB-848D-57818B44FB52}"
EndProject
Project("{2150E333-8FDC-42A3-9474-1A3956D46DE8}") = "Before", "Before", "{F53AEC72-CD0E-4389-9013-976B91401E9E}"
EndProject
Project("{9A19103F-16F7-4668-BE54-9A1E7A4F7556}") = "MCKtoF", "ch6\Move Creation Knowledge to Factory\Before\MCKtoF\MCKtoF.csproj", "{9F20D7C7-6BCF-4E28-9F9F-54E058FBCECD}"
EndProject
Project("{9A19103F-16F7-4668-BE54-9A1E7A4F7556}") = "MCKtoF.Tests", "ch6\Move Creation Knowledge to Factory\Before\MCKtoF.Tests\MCKtoF.Tests.csproj", "{0C5E12E1-1527-44DE-9748-0E45ED5E9679}"
EndProject
Project("{2150E333-8FDC-42A3-9474-1A3956D46DE8}") = "After", "After", "{FD90BCF6-6112-469B-B807-A840B4A2FA25}"
EndProject
Project("{9A19103F-16F7-4668-BE54-9A1E7A4F7556}") = "MCKtoF", "ch6\Move Creation Knowledge to Factory\After\MCKtoF\MCKtoF.csproj", "{F52778C0-958C-44FB-A91B-DA352E8B8C64}"
EndProject
Project("{9A19103F-16F7-4668-BE54-9A1E7A4F7556}") = "MCKtoF.Tests", "ch6\Move Creation Knowledge to Factory\After\MCKtoF.Tests\MCKtoF.Tests.csproj", "{35154A7D-5BE4-43BD-B582-BBCA0B8A5F40}"
EndProject
Project("{2150E333-8FDC-42A3-9474-1A3956D46DE8}") = "Encapsulate Classes with Factory", "Encapsulate Classes with Factory", "{E0E02C25-7A02-4C9F-BE98-7CE2C300D802}"
EndProject
Project("{2150E333-8FDC-42A3-9474-1A3956D46DE8}") = "Before", "Before", "{589AD02D-73A0-4E3B-BA9D-47B09335FD47}"
EndProject
Project("{9A19103F-16F7-4668-BE54-9A1E7A4F7556}") = "ECwF", "ch6\Encapsulate Classes with Factory\Before\ECwF\ECwF.csproj", "{ABCE9DDD-431A-48B1-9B7C-539E043767CD}"
EndProject
Project("{9A19103F-16F7-4668-BE54-9A1E7A4F7556}") = "ECwF.Tests", "ch6\Encapsulate Classes with Factory\Before\ECwF.Tests\ECwF.Tests.csproj", "{7332FF10-16F3-4162-9FD1-4CB9BF55B83D}"
EndProject
Project("{2150E333-8FDC-42A3-9474-1A3956D46DE8}") = "After", "After", "{288D92AF-E2B2-43D1-9CF0-BE31CF06E2EA}"
EndProject
Project("{9A19103F-16F7-4668-BE54-9A1E7A4F7556}") = "ECwF", "ch6\Encapsulate Classes with Factory\After\ECwF\ECwF.csproj", "{8BC2C2EB-F6D5-4FAD-AA87-18984B34B335}"
EndProject
Project("{9A19103F-16F7-4668-BE54-9A1E7A4F7556}") = "ECwF.Tests", "ch6\Encapsulate Classes with Factory\After\ECwF.Tests\ECwF.Tests.csproj", "{3BB804A3-337C-425D-9765-51E22F19D618}"
EndProject
Project("{2150E333-8FDC-42A3-9474-1A3956D46DE8}") = "Introduce Polymorphic Creation with Factory Method", "Introduce Polymorphic Creation with Factory Method", "{79D250B2-71EE-4131-BA67-AEE547DD0D53}"
EndProject
Project("{2150E333-8FDC-42A3-9474-1A3956D46DE8}") = "Before", "Before", "{77706855-A8B4-41E7-9BEF-6AA7AD24306F}"
EndProject
Project("{9A19103F-16F7-4668-BE54-9A1E7A4F7556}") = "IPCwFM", "ch6\Introduce Polymorphic Creation with Factory Method\Before\IPCwFM\IPCwFM.csproj", "{BABF8A65-D6E9-4598-A3A6-79298A66F6D7}"
EndProject
Project("{9A19103F-16F7-4668-BE54-9A1E7A4F7556}") = "IPCwFM.Tests", "ch6\Introduce Polymorphic Creation with Factory Method\Before\IPCwFM.Tests\IPCwFM.Tests.csproj", "{6FD39687-3ACD-4B5B-98DE-99747D631F40}"
EndProject
Project("{2150E333-8FDC-42A3-9474-1A3956D46DE8}") = "After", "After", "{5742ABE3-A0BF-499A-AE26-1F43447CD366}"
EndProject
Project("{9A19103F-16F7-4668-BE54-9A1E7A4F7556}") = "IPCwFM", "ch6\Introduce Polymorphic Creation with Factory Method\After\IPCwFM\IPCwFM.csproj", "{A2ECD6B6-52C7-4F0C-8326-7583A5170A42}"
EndProject
Project("{9A19103F-16F7-4668-BE54-9A1E7A4F7556}") = "IPCwFM.Tests", "ch6\Introduce Polymorphic Creation with Factory Method\After\IPCwFM.Tests\IPCwFM.Tests.csproj", "{B9F93BFE-3345-45B4-8352-001A05C6E4C9}"
EndProject
Project("{2150E333-8FDC-42A3-9474-1A3956D46DE8}") = "Encapsulate Composite with Builder", "Encapsulate Composite with Builder", "{4C958184-671B-4841-9485-8EA19D2895C4}"
EndProject
Project("{2150E333-8FDC-42A3-9474-1A3956D46DE8}") = "After", "After", "{CBEE9FB3-34A1-4905-A37E-DAF59039714F}"
EndProject
Project("{9A19103F-16F7-4668-BE54-9A1E7A4F7556}") = "ECwB", "ch6\Encapsulate Composite with Builder\After\ECwB\ECwB.csproj", "{1AFED66F-1CE0-412E-9AF6-098B24F68A0D}"
EndProject
Project("{9A19103F-16F7-4668-BE54-9A1E7A4F7556}") = "ECwB.Tests", "ch6\Encapsulate Composite with Builder\After\ECwB.Tests\ECwB.Tests.csproj", "{4DAE44F7-B94C-4027-A656-79B35E1212F8}"
EndProject
Project("{2150E333-8FDC-42A3-9474-1A3956D46DE8}") = "Inline Singleton", "Inline Singleton", "{E610DC9A-5F60-472D-8CC9-C79BE0967841}"
EndProject
Project("{2150E333-8FDC-42A3-9474-1A3956D46DE8}") = "Before", "Before", "{AF162E7C-F98C-4A40-832B-764F9BB3B645}"
EndProject
Project("{9A19103F-16F7-4668-BE54-9A1E7A4F7556}") = "InlineSingleton", "ch6\Inline Singleton\Before\InlineSingleton\InlineSingleton.csproj", "{C554C1A9-7B40-4E7B-9FDC-79B53CDABDCD}"
EndProject
Project("{9A19103F-16F7-4668-BE54-9A1E7A4F7556}") = "InlineSingleton.Tests", "ch6\Inline Singleton\Before\InlineSingleton.Tests\InlineSingleton.Tests.csproj", "{2F96825F-F947-4B7B-A150-D5E6D4DBF8EB}"
EndProject
Project("{2150E333-8FDC-42A3-9474-1A3956D46DE8}") = "After", "After", "{4ADDA140-4E80-4A53-9251-30F427D4A36B}"
EndProject
Project("{9A19103F-16F7-4668-BE54-9A1E7A4F7556}") = "InlineSingleton", "ch6\Inline Singleton\After\InlineSingleton\InlineSingleton.csproj", "{44A9C633-07D9-42E5-8024-880B8516D88F}"
EndProject
Project("{9A19103F-16F7-4668-BE54-9A1E7A4F7556}") = "InlineSingleton.Tests", "ch6\Inline Singleton\After\InlineSingleton.Tests\InlineSingleton.Tests.csproj", "{50115B7D-05EF-4BF8-8B1E-55FCB72A9304}"
EndProject
Project("{2150E333-8FDC-42A3-9474-1A3956D46DE8}") = "ch7", "ch7", "{A499EE12-A735-403D-A1D4-916BD963E142}"
EndProject
Project("{2150E333-8FDC-42A3-9474-1A3956D46DE8}") = "Composed Method", "Composed Method", "{1ADE3C83-AD84-4671-85CD-ACCD4777C141}"
EndProject
Project("{2150E333-8FDC-42A3-9474-1A3956D46DE8}") = "Before", "Before", "{D7DDAE11-ABC3-4124-9ED9-297AECA1CA57}"
EndProject
Project("{9A19103F-16F7-4668-BE54-9A1E7A4F7556}") = "ComposedMethod", "ch7\Composed Method\Before\ComposedMethod\ComposedMethod.csproj", "{234D2B1E-30FB-4AC1-BBA6-411114FFF7FD}"
EndProject
Project("{9A19103F-16F7-4668-BE54-9A1E7A4F7556}") = "ComposedMethod.Tests", "ch7\Composed Method\Before\ComposedMethod.Tests\ComposedMethod.Tests.csproj", "{57612D43-DAE0-4D2D-9FEB-63EA69C927A3}"
EndProject
Project("{2150E333-8FDC-42A3-9474-1A3956D46DE8}") = "After", "After", "{068CE66F-6AE3-4905-B198-E6FD3872D13B}"
EndProject
Project("{9A19103F-16F7-4668-BE54-9A1E7A4F7556}") = "ComposedMethod", "ch7\Composed Method\After\ComposedMethod\ComposedMethod.csproj", "{37A34E58-F775-40BB-BC49-62ED26554006}"
EndProject
Project("{9A19103F-16F7-4668-BE54-9A1E7A4F7556}") = "ComposedMethod.Tests", "ch7\Composed Method\After\ComposedMethod.Tests\ComposedMethod.Tests.csproj", "{08F9A6C2-145F-4099-9A0B-7790F0442C98}"
EndProject
Project("{2150E333-8FDC-42A3-9474-1A3956D46DE8}") = "Replace Conditional Logic with Strategy", "Replace Conditional Logic with Strategy", "{54682471-EEF9-412F-B071-9D626C82AC0B}"
EndProject
Project("{2150E333-8FDC-42A3-9474-1A3956D46DE8}") = "Before", "Before", "{41F052CE-D645-43E0-B24C-1B40270ADFCD}"
EndProject
Project("{9A19103F-16F7-4668-BE54-9A1E7A4F7556}") = "RCLwS", "ch7\Replace Conditional Logic with Strategy\Before\RCLwS\RCLwS.csproj", "{5B084504-3C46-4D8C-BB72-23AB38D63AD8}"
EndProject
Project("{9A19103F-16F7-4668-BE54-9A1E7A4F7556}") = "RCLwS.Tests", "ch7\Replace Conditional Logic with Strategy\Before\RCLwS.Tests\RCLwS.Tests.csproj", "{5EA6512A-BE22-4B93-A049-814AFB3FD1EB}"
EndProject
Project("{2150E333-8FDC-42A3-9474-1A3956D46DE8}") = "After", "After", "{AF4EBC78-D5D1-4405-9772-2E036011929B}"
EndProject
Project("{9A19103F-16F7-4668-BE54-9A1E7A4F7556}") = "RCLwS", "ch7\Replace Conditional Logic with Strategy\After\RCLwS\RCLwS.csproj", "{220F1E37-82F0-4B13-BC38-F92F76308C3E}"
EndProject
Project("{9A19103F-16F7-4668-BE54-9A1E7A4F7556}") = "RCLwS.Tests", "ch7\Replace Conditional Logic with Strategy\After\RCLwS.Tests\RCLwS.Tests.csproj", "{98B98C4B-6881-4502-80F0-04E687E4E06D}"
EndProject
Project("{2150E333-8FDC-42A3-9474-1A3956D46DE8}") = "Move Embellishment to Decorator", "Move Embellishment to Decorator", "{3BCF9ACC-7513-4AB8-9478-A507C8E896DC}"
EndProject
Project("{2150E333-8FDC-42A3-9474-1A3956D46DE8}") = "Before", "Before", "{76FDFA78-E83D-4E6F-9131-C40139064503}"
EndProject
Project("{9A19103F-16F7-4668-BE54-9A1E7A4F7556}") = "MEtD", "ch7\Move Embellishment to Decorator\Before\MEtD\MEtD.csproj", "{FF8A80DF-346B-44D3-ACC5-4D2C11866667}"
EndProject
Project("{2150E333-8FDC-42A3-9474-1A3956D46DE8}") = "After", "After", "{8116DA49-1951-4B96-AA83-DB4EE38CBF2F}"
EndProject
Project("{9A19103F-16F7-4668-BE54-9A1E7A4F7556}") = "MEtD", "ch7\Move Embellishment to Decorator\After\MEtD\MEtD.csproj", "{22FC1916-1479-4618-B0CC-C4C3E416BE0B}"
EndProject
Project("{2150E333-8FDC-42A3-9474-1A3956D46DE8}") = "Replace State-Altering Conditionals with State", "Replace State-Altering Conditionals with State", "{D52906B2-7BFD-4AE3-83AE-8DE7DB0B82D3}"
EndProject
Project("{2150E333-8FDC-42A3-9474-1A3956D46DE8}") = "Before", "Before", "{4272D1A8-4B35-4E97-8A3D-4B7439AF1A1C}"
EndProject
Project("{9A19103F-16F7-4668-BE54-9A1E7A4F7556}") = "RSACwS", "ch7\Replace State-Altering Conditionals with State\Before\RSACwS\RSACwS.csproj", "{36746571-BCDB-465C-8419-C2E47D08D674}"
EndProject
Project("{9A19103F-16F7-4668-BE54-9A1E7A4F7556}") = "RSACwS.Tests", "ch7\Replace State-Altering Conditionals with State\Before\RSACwS.Tests\RSACwS.Tests.csproj", "{4487F79B-C80F-4C15-A99C-A7AEA19A43AA}"
EndProject
Project("{2150E333-8FDC-42A3-9474-1A3956D46DE8}") = "After", "After", "{BDF113CE-6F73-4EB7-96A0-13AAD2E42D89}"
EndProject
Project("{9A19103F-16F7-4668-BE54-9A1E7A4F7556}") = "RSACwS", "ch7\Replace State-Altering Conditionals with State\After\RSACwS\RSACwS.csproj", "{20532FFB-6426-439D-81FE-5C1F59CDF7CF}"
EndProject
Project("{9A19103F-16F7-4668-BE54-9A1E7A4F7556}") = "RSACwS.Tests", "ch7\Replace State-Altering Conditionals with State\After\RSACwS.Tests\RSACwS.Tests.csproj", "{97B61913-0B5E-43EE-9641-2B9A9A068F28}"
EndProject
Project("{2150E333-8FDC-42A3-9474-1A3956D46DE8}") = "Replace Implicit Tree with Composite", "Replace Implicit Tree with Composite", "{25AE8B5A-E643-490E-A6D7-EA1149A26E1A}"
EndProject
Project("{2150E333-8FDC-42A3-9474-1A3956D46DE8}") = "Before", "Before", "{F374AA1F-5B2E-4E67-9830-A7623A0E2254}"
EndProject
Project("{9A19103F-16F7-4668-BE54-9A1E7A4F7556}") = "RITwC", "ch7\Replace Implicit Tree with Composite\Before\RITwC\RITwC.csproj", "{6333FFB6-7858-449E-9E80-8A1B138AA69B}"
EndProject
Project("{9A19103F-16F7-4668-BE54-9A1E7A4F7556}") = "RITwC.Tests", "ch7\Replace Implicit Tree with Composite\Before\RITwC.Tests\RITwC.Tests.csproj", "{5E6F9B6A-CD60-4A2F-8242-8EF44D34EBFD}"
EndProject
Project("{2150E333-8FDC-42A3-9474-1A3956D46DE8}") = "After", "After", "{D93F341C-F648-4E84-B5E7-257CB22BC9FE}"
EndProject
Project("{9A19103F-16F7-4668-BE54-9A1E7A4F7556}") = "RITwC", "ch7\Replace Implicit Tree with Composite\After\RITwC\RITwC.csproj", "{9ADEBBD9-1481-44FD-8205-F578D6160AFD}"
EndProject
Project("{9A19103F-16F7-4668-BE54-9A1E7A4F7556}") = "RITwC.Tests", "ch7\Replace Implicit Tree with Composite\After\RITwC.Tests\RITwC.Tests.csproj", "{8DAD07F4-6BC4-4C67-BCEC-BD090EE0D11C}"
EndProject
Project("{2150E333-8FDC-42A3-9474-1A3956D46DE8}") = "Replace Conditional Dispatcher with Command", "Replace Conditional Dispatcher with Command", "{5852DBC4-99C3-46C1-833E-C987FF9FCA5B}"
EndProject
Project("{2150E333-8FDC-42A3-9474-1A3956D46DE8}") = "Before", "Before", "{A32AB344-DB74-4C38-A49F-DE9A6A22AF93}"
EndProject
Project("{9A19103F-16F7-4668-BE54-9A1E7A4F7556}") = "RCDwC", "ch7\Replace Conditional Dispatcher with Command\Before\RCDwC\RCDwC.csproj", "{EAD60B20-54B3-4CFD-B7A7-2D09398001B6}"
EndProject
Project("{9A19103F-16F7-4668-BE54-9A1E7A4F7556}") = "RCDwC.Tests", "ch7\Replace Conditional Dispatcher with Command\Before\RCDwC.Tests\RCDwC.Tests.csproj", "{420AFA7A-BFDD-4674-8A1C-63BA61047995}"
EndProject
Project("{2150E333-8FDC-42A3-9474-1A3956D46DE8}") = "After", "After", "{6350F715-E9BE-4ECC-BF06-4E12BD6E9D90}"
EndProject
Project("{9A19103F-16F7-4668-BE54-9A1E7A4F7556}") = "RCDwC", "ch7\Replace Conditional Dispatcher with Command\After\RCDwC\RCDwC.csproj", "{2A1118BD-8726-4E16-9A19-E3A8B732A4A7}"
EndProject
Project("{9A19103F-16F7-4668-BE54-9A1E7A4F7556}") = "RCDwC.Tests", "ch7\Replace Conditional Dispatcher with Command\After\RCDwC.Tests\RCDwC.Tests.csproj", "{E109C916-D612-49D9-AF37-DA4AA52162D4}"
EndProject
Project("{2150E333-8FDC-42A3-9474-1A3956D46DE8}") = "ch8", "ch8", "{E3496C96-B6D2-4E30-A6A5-12980FA0F1C5}"
EndProject
Project("{2150E333-8FDC-42A3-9474-1A3956D46DE8}") = "Form Template Method", "Form Template Method", "{77CBEF31-8241-43DE-86A5-3009827E1A21}"
EndProject
Project("{2150E333-8FDC-42A3-9474-1A3956D46DE8}") = "Before", "Before", "{854F520F-D227-42BB-8FAC-4F0E29F4973D}"
EndProject
Project("{9A19103F-16F7-4668-BE54-9A1E7A4F7556}") = "FTM", "ch8\Form Template Method\Before\FTM\FTM.csproj", "{973A56E7-7E81-4957-82E2-BCFE6D042BEF}"
EndProject
Project("{9A19103F-16F7-4668-BE54-9A1E7A4F7556}") = "FTM.Tests", "ch8\Form Template Method\Before\FTM.Tests\FTM.Tests.csproj", "{24C5FD48-CE87-4826-9C84-F8AF4D9AFAF4}"
EndProject
Project("{2150E333-8FDC-42A3-9474-1A3956D46DE8}") = "After", "After", "{D61FA118-FA85-46AF-AE06-AF50FF2450A1}"
EndProject
Project("{9A19103F-16F7-4668-BE54-9A1E7A4F7556}") = "FTM", "ch8\Form Template Method\After\FTM\FTM.csproj", "{88CD6379-AD73-4550-A5D5-D08AF2C416E1}"
EndProject
Project("{9A19103F-16F7-4668-BE54-9A1E7A4F7556}") = "FTM.Tests", "ch8\Form Template Method\After\FTM.Tests\FTM.Tests.csproj", "{F35F1D86-0873-4E62-9679-92C8E88633AA}"
EndProject
Project("{2150E333-8FDC-42A3-9474-1A3956D46DE8}") = "Extract Composite", "Extract Composite", "{99127D5F-AA85-4099-9F6E-958AF67FB81C}"
EndProject
Project("{2150E333-8FDC-42A3-9474-1A3956D46DE8}") = "Before", "Before", "{EF65ECF2-405F-4C58-BC28-A28B686AB621}"
EndProject
Project("{9A19103F-16F7-4668-BE54-9A1E7A4F7556}") = "ExtractComposite", "ch8\Extract Composite\Before\ExtractComposite\ExtractComposite.csproj", "{353A27DA-2112-4BAD-8796-8BE758791240}"
EndProject
Project("{9A19103F-16F7-4668-BE54-9A1E7A4F7556}") = "ExtractComposite.Tests", "ch8\Extract Composite\Before\ExtractComposite.Tests\ExtractComposite.Tests.csproj", "{B821E654-336E-4452-982B-36F13EEC65B0}"
EndProject
Project("{2150E333-8FDC-42A3-9474-1A3956D46DE8}") = "After", "After", "{C5B9BD85-001C-4D90-84C5-869004C9FB83}"
EndProject
Project("{9A19103F-16F7-4668-BE54-9A1E7A4F7556}") = "ExtractComposite", "ch8\Extract Composite\After\ExtractComposite\ExtractComposite.csproj", "{C03F7A19-DBB4-411F-A9BE-03DA6C440DC9}"
EndProject
Project("{9A19103F-16F7-4668-BE54-9A1E7A4F7556}") = "ExtractComposite.Tests", "ch8\Extract Composite\After\ExtractComposite.Tests\ExtractComposite.Tests.csproj", "{5305042D-424A-4D7E-832A-A65F49317E9E}"
EndProject
Project("{2150E333-8FDC-42A3-9474-1A3956D46DE8}") = "Replace OneMany Distinctions with Composite", "Replace OneMany Distinctions with Composite", "{12212F15-71F7-421D-89A8-E01938D5DF04}"
EndProject
Project("{2150E333-8FDC-42A3-9474-1A3956D46DE8}") = "Before", "Before", "{9E5F0685-4DD7-468C-A924-F93C033594D9}"
EndProject
Project("{9A19103F-16F7-4668-BE54-9A1E7A4F7556}") = "ROMDwC", "ch8\Replace OneMany Distinctions with Composite\Before\ROMDwC\ROMDwC.csproj", "{1413AA51-BB7F-4110-B6F5-61CD8911CDA6}"
EndProject
Project("{9A19103F-16F7-4668-BE54-9A1E7A4F7556}") = "ROMDwC.Tests", "ch8\Replace OneMany Distinctions with Composite\Before\ROMDwC.Tests\ROMDwC.Tests.csproj", "{F7787BE3-171A-4E2C-828D-32AEBF48E696}"
EndProject
Project("{2150E333-8FDC-42A3-9474-1A3956D46DE8}") = "After", "After", "{7668CAE7-70F0-462E-965C-77905E8262B9}"
EndProject
Project("{9A19103F-16F7-4668-BE54-9A1E7A4F7556}") = "ROMDwC", "ch8\Replace OneMany Distinctions with Composite\After\ROMDwC\ROMDwC.csproj", "{31AA5721-99A5-4B74-9E05-699B7F40B7FF}"
EndProject
Project("{9A19103F-16F7-4668-BE54-9A1E7A4F7556}") = "ROMDwC.Tests", "ch8\Replace OneMany Distinctions with Composite\After\ROMDwC.Tests\ROMDwC.Tests.csproj", "{A69C1249-CC69-4D41-880B-679B694DE484}"
EndProject
Project("{2150E333-8FDC-42A3-9474-1A3956D46DE8}") = "Replace Hard-Coded Notifications with Observer", "Replace Hard-Coded Notifications with Observer", "{60573CEA-524F-42BA-98F6-F7F97E83AA8B}"
EndProject
Project("{2150E333-8FDC-42A3-9474-1A3956D46DE8}") = "Before", "Before", "{1E43BF55-B863-4652-A990-94C1C6280441}"
EndProject
Project("{9A19103F-16F7-4668-BE54-9A1E7A4F7556}") = "RHCNwO", "ch8\Replace Hard-Coded Notifications with Observer\Before\RHCNwO\RHCNwO.csproj", "{DE4F5A61-8588-4802-8450-625B7F6A830C}"
EndProject
Project("{9A19103F-16F7-4668-BE54-9A1E7A4F7556}") = "RHCNwO.Tests", "ch8\Replace Hard-Coded Notifications with Observer\Before\RHCNwO.Tests\RHCNwO.Tests.csproj", "{DAAF7A38-B580-4814-A20C-4FC1C0FB434F}"
EndProject
Project("{2150E333-8FDC-42A3-9474-1A3956D46DE8}") = "After", "After", "{07E14C15-440F-4CE9-A503-7AC3C20A302C}"
EndProject
Project("{9A19103F-16F7-4668-BE54-9A1E7A4F7556}") = "RHCNwO", "ch8\Replace Hard-Coded Notifications with Observer\After\RHCNwO\RHCNwO.csproj", "{0C913F87-2A73-4614-A48D-83DC95F5DC8A}"
EndProject
Project("{9A19103F-16F7-4668-BE54-9A1E7A4F7556}") = "RHCNwO.Tests", "ch8\Replace Hard-Coded Notifications with Observer\After\RHCNwO.Tests\RHCNwO.Tests.csproj", "{90349730-A554-4EA3-B02B-77ED2D1D4855}"
EndProject
Global
	GlobalSection(SolutionConfigurationPlatforms) = preSolution
		Debug|Any CPU = Debug|Any CPU
		Release|Any CPU = Release|Any CPU
	EndGlobalSection
	GlobalSection(ProjectConfigurationPlatforms) = postSolution
		{34E80B4D-D055-4803-B433-1A6EBE89D4E8}.Debug|Any CPU.ActiveCfg = Debug|Any CPU
		{34E80B4D-D055-4803-B433-1A6EBE89D4E8}.Debug|Any CPU.Build.0 = Debug|Any CPU
		{34E80B4D-D055-4803-B433-1A6EBE89D4E8}.Release|Any CPU.ActiveCfg = Release|Any CPU
		{34E80B4D-D055-4803-B433-1A6EBE89D4E8}.Release|Any CPU.Build.0 = Release|Any CPU
		{74422439-0424-474C-9862-176A89432AB1}.Debug|Any CPU.ActiveCfg = Debug|Any CPU
		{74422439-0424-474C-9862-176A89432AB1}.Debug|Any CPU.Build.0 = Debug|Any CPU
		{74422439-0424-474C-9862-176A89432AB1}.Release|Any CPU.ActiveCfg = Release|Any CPU
		{74422439-0424-474C-9862-176A89432AB1}.Release|Any CPU.Build.0 = Release|Any CPU
		{616F3DD8-7C73-4EA8-947F-BB06E01007F7}.Debug|Any CPU.ActiveCfg = Debug|Any CPU
		{616F3DD8-7C73-4EA8-947F-BB06E01007F7}.Debug|Any CPU.Build.0 = Debug|Any CPU
		{616F3DD8-7C73-4EA8-947F-BB06E01007F7}.Release|Any CPU.ActiveCfg = Release|Any CPU
		{616F3DD8-7C73-4EA8-947F-BB06E01007F7}.Release|Any CPU.Build.0 = Release|Any CPU
		{E5C379F5-5EE0-4B54-9396-BD65E271BA41}.Debug|Any CPU.ActiveCfg = Debug|Any CPU
		{E5C379F5-5EE0-4B54-9396-BD65E271BA41}.Debug|Any CPU.Build.0 = Debug|Any CPU
		{E5C379F5-5EE0-4B54-9396-BD65E271BA41}.Release|Any CPU.ActiveCfg = Release|Any CPU
		{E5C379F5-5EE0-4B54-9396-BD65E271BA41}.Release|Any CPU.Build.0 = Release|Any CPU
		{9F20D7C7-6BCF-4E28-9F9F-54E058FBCECD}.Debug|Any CPU.ActiveCfg = Debug|Any CPU
		{9F20D7C7-6BCF-4E28-9F9F-54E058FBCECD}.Debug|Any CPU.Build.0 = Debug|Any CPU
		{9F20D7C7-6BCF-4E28-9F9F-54E058FBCECD}.Release|Any CPU.ActiveCfg = Release|Any CPU
		{9F20D7C7-6BCF-4E28-9F9F-54E058FBCECD}.Release|Any CPU.Build.0 = Release|Any CPU
		{0C5E12E1-1527-44DE-9748-0E45ED5E9679}.Debug|Any CPU.ActiveCfg = Debug|Any CPU
		{0C5E12E1-1527-44DE-9748-0E45ED5E9679}.Debug|Any CPU.Build.0 = Debug|Any CPU
		{0C5E12E1-1527-44DE-9748-0E45ED5E9679}.Release|Any CPU.ActiveCfg = Release|Any CPU
		{0C5E12E1-1527-44DE-9748-0E45ED5E9679}.Release|Any CPU.Build.0 = Release|Any CPU
		{F52778C0-958C-44FB-A91B-DA352E8B8C64}.Debug|Any CPU.ActiveCfg = Debug|Any CPU
		{F52778C0-958C-44FB-A91B-DA352E8B8C64}.Debug|Any CPU.Build.0 = Debug|Any CPU
		{F52778C0-958C-44FB-A91B-DA352E8B8C64}.Release|Any CPU.ActiveCfg = Release|Any CPU
		{F52778C0-958C-44FB-A91B-DA352E8B8C64}.Release|Any CPU.Build.0 = Release|Any CPU
		{35154A7D-5BE4-43BD-B582-BBCA0B8A5F40}.Debug|Any CPU.ActiveCfg = Debug|Any CPU
		{35154A7D-5BE4-43BD-B582-BBCA0B8A5F40}.Debug|Any CPU.Build.0 = Debug|Any CPU
		{35154A7D-5BE4-43BD-B582-BBCA0B8A5F40}.Release|Any CPU.ActiveCfg = Release|Any CPU
		{35154A7D-5BE4-43BD-B582-BBCA0B8A5F40}.Release|Any CPU.Build.0 = Release|Any CPU
		{ABCE9DDD-431A-48B1-9B7C-539E043767CD}.Debug|Any CPU.ActiveCfg = Debug|Any CPU
		{ABCE9DDD-431A-48B1-9B7C-539E043767CD}.Debug|Any CPU.Build.0 = Debug|Any CPU
		{ABCE9DDD-431A-48B1-9B7C-539E043767CD}.Release|Any CPU.ActiveCfg = Release|Any CPU
		{ABCE9DDD-431A-48B1-9B7C-539E043767CD}.Release|Any CPU.Build.0 = Release|Any CPU
		{7332FF10-16F3-4162-9FD1-4CB9BF55B83D}.Debug|Any CPU.ActiveCfg = Debug|Any CPU
		{7332FF10-16F3-4162-9FD1-4CB9BF55B83D}.Debug|Any CPU.Build.0 = Debug|Any CPU
		{7332FF10-16F3-4162-9FD1-4CB9BF55B83D}.Release|Any CPU.ActiveCfg = Release|Any CPU
		{7332FF10-16F3-4162-9FD1-4CB9BF55B83D}.Release|Any CPU.Build.0 = Release|Any CPU
		{8BC2C2EB-F6D5-4FAD-AA87-18984B34B335}.Debug|Any CPU.ActiveCfg = Debug|Any CPU
		{8BC2C2EB-F6D5-4FAD-AA87-18984B34B335}.Debug|Any CPU.Build.0 = Debug|Any CPU
		{8BC2C2EB-F6D5-4FAD-AA87-18984B34B335}.Release|Any CPU.ActiveCfg = Release|Any CPU
		{8BC2C2EB-F6D5-4FAD-AA87-18984B34B335}.Release|Any CPU.Build.0 = Release|Any CPU
		{3BB804A3-337C-425D-9765-51E22F19D618}.Debug|Any CPU.ActiveCfg = Debug|Any CPU
		{3BB804A3-337C-425D-9765-51E22F19D618}.Debug|Any CPU.Build.0 = Debug|Any CPU
		{3BB804A3-337C-425D-9765-51E22F19D618}.Release|Any CPU.ActiveCfg = Release|Any CPU
		{3BB804A3-337C-425D-9765-51E22F19D618}.Release|Any CPU.Build.0 = Release|Any CPU
		{BABF8A65-D6E9-4598-A3A6-79298A66F6D7}.Debug|Any CPU.ActiveCfg = Debug|Any CPU
		{BABF8A65-D6E9-4598-A3A6-79298A66F6D7}.Debug|Any CPU.Build.0 = Debug|Any CPU
		{BABF8A65-D6E9-4598-A3A6-79298A66F6D7}.Release|Any CPU.ActiveCfg = Release|Any CPU
		{BABF8A65-D6E9-4598-A3A6-79298A66F6D7}.Release|Any CPU.Build.0 = Release|Any CPU
		{6FD39687-3ACD-4B5B-98DE-99747D631F40}.Debug|Any CPU.ActiveCfg = Debug|Any CPU
		{6FD39687-3ACD-4B5B-98DE-99747D631F40}.Debug|Any CPU.Build.0 = Debug|Any CPU
		{6FD39687-3ACD-4B5B-98DE-99747D631F40}.Release|Any CPU.ActiveCfg = Release|Any CPU
		{6FD39687-3ACD-4B5B-98DE-99747D631F40}.Release|Any CPU.Build.0 = Release|Any CPU
		{A2ECD6B6-52C7-4F0C-8326-7583A5170A42}.Debug|Any CPU.ActiveCfg = Debug|Any CPU
		{A2ECD6B6-52C7-4F0C-8326-7583A5170A42}.Debug|Any CPU.Build.0 = Debug|Any CPU
		{A2ECD6B6-52C7-4F0C-8326-7583A5170A42}.Release|Any CPU.ActiveCfg = Release|Any CPU
		{A2ECD6B6-52C7-4F0C-8326-7583A5170A42}.Release|Any CPU.Build.0 = Release|Any CPU
		{B9F93BFE-3345-45B4-8352-001A05C6E4C9}.Debug|Any CPU.ActiveCfg = Debug|Any CPU
		{B9F93BFE-3345-45B4-8352-001A05C6E4C9}.Debug|Any CPU.Build.0 = Debug|Any CPU
		{B9F93BFE-3345-45B4-8352-001A05C6E4C9}.Release|Any CPU.ActiveCfg = Release|Any CPU
		{B9F93BFE-3345-45B4-8352-001A05C6E4C9}.Release|Any CPU.Build.0 = Release|Any CPU
		{1AFED66F-1CE0-412E-9AF6-098B24F68A0D}.Debug|Any CPU.ActiveCfg = Debug|Any CPU
		{1AFED66F-1CE0-412E-9AF6-098B24F68A0D}.Debug|Any CPU.Build.0 = Debug|Any CPU
		{1AFED66F-1CE0-412E-9AF6-098B24F68A0D}.Release|Any CPU.ActiveCfg = Release|Any CPU
		{1AFED66F-1CE0-412E-9AF6-098B24F68A0D}.Release|Any CPU.Build.0 = Release|Any CPU
		{4DAE44F7-B94C-4027-A656-79B35E1212F8}.Debug|Any CPU.ActiveCfg = Debug|Any CPU
		{4DAE44F7-B94C-4027-A656-79B35E1212F8}.Debug|Any CPU.Build.0 = Debug|Any CPU
		{4DAE44F7-B94C-4027-A656-79B35E1212F8}.Release|Any CPU.ActiveCfg = Release|Any CPU
		{4DAE44F7-B94C-4027-A656-79B35E1212F8}.Release|Any CPU.Build.0 = Release|Any CPU
		{C554C1A9-7B40-4E7B-9FDC-79B53CDABDCD}.Debug|Any CPU.ActiveCfg = Debug|Any CPU
		{C554C1A9-7B40-4E7B-9FDC-79B53CDABDCD}.Debug|Any CPU.Build.0 = Debug|Any CPU
		{C554C1A9-7B40-4E7B-9FDC-79B53CDABDCD}.Release|Any CPU.ActiveCfg = Release|Any CPU
		{C554C1A9-7B40-4E7B-9FDC-79B53CDABDCD}.Release|Any CPU.Build.0 = Release|Any CPU
		{2F96825F-F947-4B7B-A150-D5E6D4DBF8EB}.Debug|Any CPU.ActiveCfg = Debug|Any CPU
		{2F96825F-F947-4B7B-A150-D5E6D4DBF8EB}.Debug|Any CPU.Build.0 = Debug|Any CPU
		{2F96825F-F947-4B7B-A150-D5E6D4DBF8EB}.Release|Any CPU.ActiveCfg = Release|Any CPU
		{2F96825F-F947-4B7B-A150-D5E6D4DBF8EB}.Release|Any CPU.Build.0 = Release|Any CPU
		{44A9C633-07D9-42E5-8024-880B8516D88F}.Debug|Any CPU.ActiveCfg = Debug|Any CPU
		{44A9C633-07D9-42E5-8024-880B8516D88F}.Debug|Any CPU.Build.0 = Debug|Any CPU
		{44A9C633-07D9-42E5-8024-880B8516D88F}.Release|Any CPU.ActiveCfg = Release|Any CPU
		{44A9C633-07D9-42E5-8024-880B8516D88F}.Release|Any CPU.Build.0 = Release|Any CPU
		{50115B7D-05EF-4BF8-8B1E-55FCB72A9304}.Debug|Any CPU.ActiveCfg = Debug|Any CPU
		{50115B7D-05EF-4BF8-8B1E-55FCB72A9304}.Debug|Any CPU.Build.0 = Debug|Any CPU
		{50115B7D-05EF-4BF8-8B1E-55FCB72A9304}.Release|Any CPU.ActiveCfg = Release|Any CPU
		{50115B7D-05EF-4BF8-8B1E-55FCB72A9304}.Release|Any CPU.Build.0 = Release|Any CPU
		{234D2B1E-30FB-4AC1-BBA6-411114FFF7FD}.Debug|Any CPU.ActiveCfg = Debug|Any CPU
		{234D2B1E-30FB-4AC1-BBA6-411114FFF7FD}.Debug|Any CPU.Build.0 = Debug|Any CPU
		{234D2B1E-30FB-4AC1-BBA6-411114FFF7FD}.Release|Any CPU.ActiveCfg = Release|Any CPU
		{234D2B1E-30FB-4AC1-BBA6-411114FFF7FD}.Release|Any CPU.Build.0 = Release|Any CPU
		{57612D43-DAE0-4D2D-9FEB-63EA69C927A3}.Debug|Any CPU.ActiveCfg = Debug|Any CPU
		{57612D43-DAE0-4D2D-9FEB-63EA69C927A3}.Debug|Any CPU.Build.0 = Debug|Any CPU
		{57612D43-DAE0-4D2D-9FEB-63EA69C927A3}.Release|Any CPU.ActiveCfg = Release|Any CPU
		{57612D43-DAE0-4D2D-9FEB-63EA69C927A3}.Release|Any CPU.Build.0 = Release|Any CPU
		{37A34E58-F775-40BB-BC49-62ED26554006}.Debug|Any CPU.ActiveCfg = Debug|Any CPU
		{37A34E58-F775-40BB-BC49-62ED26554006}.Debug|Any CPU.Build.0 = Debug|Any CPU
		{37A34E58-F775-40BB-BC49-62ED26554006}.Release|Any CPU.ActiveCfg = Release|Any CPU
		{37A34E58-F775-40BB-BC49-62ED26554006}.Release|Any CPU.Build.0 = Release|Any CPU
		{08F9A6C2-145F-4099-9A0B-7790F0442C98}.Debug|Any CPU.ActiveCfg = Debug|Any CPU
		{08F9A6C2-145F-4099-9A0B-7790F0442C98}.Debug|Any CPU.Build.0 = Debug|Any CPU
		{08F9A6C2-145F-4099-9A0B-7790F0442C98}.Release|Any CPU.ActiveCfg = Release|Any CPU
		{08F9A6C2-145F-4099-9A0B-7790F0442C98}.Release|Any CPU.Build.0 = Release|Any CPU
		{5B084504-3C46-4D8C-BB72-23AB38D63AD8}.Debug|Any CPU.ActiveCfg = Debug|Any CPU
		{5B084504-3C46-4D8C-BB72-23AB38D63AD8}.Debug|Any CPU.Build.0 = Debug|Any CPU
		{5B084504-3C46-4D8C-BB72-23AB38D63AD8}.Release|Any CPU.ActiveCfg = Release|Any CPU
		{5B084504-3C46-4D8C-BB72-23AB38D63AD8}.Release|Any CPU.Build.0 = Release|Any CPU
		{5EA6512A-BE22-4B93-A049-814AFB3FD1EB}.Debug|Any CPU.ActiveCfg = Debug|Any CPU
		{5EA6512A-BE22-4B93-A049-814AFB3FD1EB}.Debug|Any CPU.Build.0 = Debug|Any CPU
		{5EA6512A-BE22-4B93-A049-814AFB3FD1EB}.Release|Any CPU.ActiveCfg = Release|Any CPU
		{5EA6512A-BE22-4B93-A049-814AFB3FD1EB}.Release|Any CPU.Build.0 = Release|Any CPU
		{220F1E37-82F0-4B13-BC38-F92F76308C3E}.Debug|Any CPU.ActiveCfg = Debug|Any CPU
		{220F1E37-82F0-4B13-BC38-F92F76308C3E}.Debug|Any CPU.Build.0 = Debug|Any CPU
		{220F1E37-82F0-4B13-BC38-F92F76308C3E}.Release|Any CPU.ActiveCfg = Release|Any CPU
		{220F1E37-82F0-4B13-BC38-F92F76308C3E}.Release|Any CPU.Build.0 = Release|Any CPU
		{98B98C4B-6881-4502-80F0-04E687E4E06D}.Debug|Any CPU.ActiveCfg = Debug|Any CPU
		{98B98C4B-6881-4502-80F0-04E687E4E06D}.Debug|Any CPU.Build.0 = Debug|Any CPU
		{98B98C4B-6881-4502-80F0-04E687E4E06D}.Release|Any CPU.ActiveCfg = Release|Any CPU
		{98B98C4B-6881-4502-80F0-04E687E4E06D}.Release|Any CPU.Build.0 = Release|Any CPU
		{FF8A80DF-346B-44D3-ACC5-4D2C11866667}.Debug|Any CPU.ActiveCfg = Debug|Any CPU
		{FF8A80DF-346B-44D3-ACC5-4D2C11866667}.Debug|Any CPU.Build.0 = Debug|Any CPU
		{FF8A80DF-346B-44D3-ACC5-4D2C11866667}.Release|Any CPU.ActiveCfg = Release|Any CPU
		{FF8A80DF-346B-44D3-ACC5-4D2C11866667}.Release|Any CPU.Build.0 = Release|Any CPU
		{22FC1916-1479-4618-B0CC-C4C3E416BE0B}.Debug|Any CPU.ActiveCfg = Debug|Any CPU
		{22FC1916-1479-4618-B0CC-C4C3E416BE0B}.Debug|Any CPU.Build.0 = Debug|Any CPU
		{22FC1916-1479-4618-B0CC-C4C3E416BE0B}.Release|Any CPU.ActiveCfg = Release|Any CPU
		{22FC1916-1479-4618-B0CC-C4C3E416BE0B}.Release|Any CPU.Build.0 = Release|Any CPU
		{36746571-BCDB-465C-8419-C2E47D08D674}.Debug|Any CPU.ActiveCfg = Debug|Any CPU
		{36746571-BCDB-465C-8419-C2E47D08D674}.Debug|Any CPU.Build.0 = Debug|Any CPU
		{36746571-BCDB-465C-8419-C2E47D08D674}.Release|Any CPU.ActiveCfg = Release|Any CPU
		{36746571-BCDB-465C-8419-C2E47D08D674}.Release|Any CPU.Build.0 = Release|Any CPU
		{4487F79B-C80F-4C15-A99C-A7AEA19A43AA}.Debug|Any CPU.ActiveCfg = Debug|Any CPU
		{4487F79B-C80F-4C15-A99C-A7AEA19A43AA}.Debug|Any CPU.Build.0 = Debug|Any CPU
		{4487F79B-C80F-4C15-A99C-A7AEA19A43AA}.Release|Any CPU.ActiveCfg = Release|Any CPU
		{4487F79B-C80F-4C15-A99C-A7AEA19A43AA}.Release|Any CPU.Build.0 = Release|Any CPU
		{20532FFB-6426-439D-81FE-5C1F59CDF7CF}.Debug|Any CPU.ActiveCfg = Debug|Any CPU
		{20532FFB-6426-439D-81FE-5C1F59CDF7CF}.Debug|Any CPU.Build.0 = Debug|Any CPU
		{20532FFB-6426-439D-81FE-5C1F59CDF7CF}.Release|Any CPU.ActiveCfg = Release|Any CPU
		{20532FFB-6426-439D-81FE-5C1F59CDF7CF}.Release|Any CPU.Build.0 = Release|Any CPU
		{97B61913-0B5E-43EE-9641-2B9A9A068F28}.Debug|Any CPU.ActiveCfg = Debug|Any CPU
		{97B61913-0B5E-43EE-9641-2B9A9A068F28}.Debug|Any CPU.Build.0 = Debug|Any CPU
		{97B61913-0B5E-43EE-9641-2B9A9A068F28}.Release|Any CPU.ActiveCfg = Release|Any CPU
		{97B61913-0B5E-43EE-9641-2B9A9A068F28}.Release|Any CPU.Build.0 = Release|Any CPU
		{6333FFB6-7858-449E-9E80-8A1B138AA69B}.Debug|Any CPU.ActiveCfg = Debug|Any CPU
		{6333FFB6-7858-449E-9E80-8A1B138AA69B}.Debug|Any CPU.Build.0 = Debug|Any CPU
		{6333FFB6-7858-449E-9E80-8A1B138AA69B}.Release|Any CPU.ActiveCfg = Release|Any CPU
		{6333FFB6-7858-449E-9E80-8A1B138AA69B}.Release|Any CPU.Build.0 = Release|Any CPU
		{5E6F9B6A-CD60-4A2F-8242-8EF44D34EBFD}.Debug|Any CPU.ActiveCfg = Debug|Any CPU
		{5E6F9B6A-CD60-4A2F-8242-8EF44D34EBFD}.Debug|Any CPU.Build.0 = Debug|Any CPU
		{5E6F9B6A-CD60-4A2F-8242-8EF44D34EBFD}.Release|Any CPU.ActiveCfg = Release|Any CPU
		{5E6F9B6A-CD60-4A2F-8242-8EF44D34EBFD}.Release|Any CPU.Build.0 = Release|Any CPU
		{9ADEBBD9-1481-44FD-8205-F578D6160AFD}.Debug|Any CPU.ActiveCfg = Debug|Any CPU
		{9ADEBBD9-1481-44FD-8205-F578D6160AFD}.Debug|Any CPU.Build.0 = Debug|Any CPU
		{9ADEBBD9-1481-44FD-8205-F578D6160AFD}.Release|Any CPU.ActiveCfg = Release|Any CPU
		{9ADEBBD9-1481-44FD-8205-F578D6160AFD}.Release|Any CPU.Build.0 = Release|Any CPU
		{8DAD07F4-6BC4-4C67-BCEC-BD090EE0D11C}.Debug|Any CPU.ActiveCfg = Debug|Any CPU
		{8DAD07F4-6BC4-4C67-BCEC-BD090EE0D11C}.Debug|Any CPU.Build.0 = Debug|Any CPU
		{8DAD07F4-6BC4-4C67-BCEC-BD090EE0D11C}.Release|Any CPU.ActiveCfg = Release|Any CPU
		{8DAD07F4-6BC4-4C67-BCEC-BD090EE0D11C}.Release|Any CPU.Build.0 = Release|Any CPU
		{EAD60B20-54B3-4CFD-B7A7-2D09398001B6}.Debug|Any CPU.ActiveCfg = Debug|Any CPU
		{EAD60B20-54B3-4CFD-B7A7-2D09398001B6}.Debug|Any CPU.Build.0 = Debug|Any CPU
		{EAD60B20-54B3-4CFD-B7A7-2D09398001B6}.Release|Any CPU.ActiveCfg = Release|Any CPU
		{EAD60B20-54B3-4CFD-B7A7-2D09398001B6}.Release|Any CPU.Build.0 = Release|Any CPU
		{420AFA7A-BFDD-4674-8A1C-63BA61047995}.Debug|Any CPU.ActiveCfg = Debug|Any CPU
		{420AFA7A-BFDD-4674-8A1C-63BA61047995}.Debug|Any CPU.Build.0 = Debug|Any CPU
		{420AFA7A-BFDD-4674-8A1C-63BA61047995}.Release|Any CPU.ActiveCfg = Release|Any CPU
		{420AFA7A-BFDD-4674-8A1C-63BA61047995}.Release|Any CPU.Build.0 = Release|Any CPU
		{2A1118BD-8726-4E16-9A19-E3A8B732A4A7}.Debug|Any CPU.ActiveCfg = Debug|Any CPU
		{2A1118BD-8726-4E16-9A19-E3A8B732A4A7}.Debug|Any CPU.Build.0 = Debug|Any CPU
		{2A1118BD-8726-4E16-9A19-E3A8B732A4A7}.Release|Any CPU.ActiveCfg = Release|Any CPU
		{2A1118BD-8726-4E16-9A19-E3A8B732A4A7}.Release|Any CPU.Build.0 = Release|Any CPU
		{E109C916-D612-49D9-AF37-DA4AA52162D4}.Debug|Any CPU.ActiveCfg = Debug|Any CPU
		{E109C916-D612-49D9-AF37-DA4AA52162D4}.Debug|Any CPU.Build.0 = Debug|Any CPU
		{E109C916-D612-49D9-AF37-DA4AA52162D4}.Release|Any CPU.ActiveCfg = Release|Any CPU
		{E109C916-D612-49D9-AF37-DA4AA52162D4}.Release|Any CPU.Build.0 = Release|Any CPU
		{973A56E7-7E81-4957-82E2-BCFE6D042BEF}.Debug|Any CPU.ActiveCfg = Debug|Any CPU
		{973A56E7-7E81-4957-82E2-BCFE6D042BEF}.Debug|Any CPU.Build.0 = Debug|Any CPU
		{973A56E7-7E81-4957-82E2-BCFE6D042BEF}.Release|Any CPU.ActiveCfg = Release|Any CPU
		{973A56E7-7E81-4957-82E2-BCFE6D042BEF}.Release|Any CPU.Build.0 = Release|Any CPU
		{24C5FD48-CE87-4826-9C84-F8AF4D9AFAF4}.Debug|Any CPU.ActiveCfg = Debug|Any CPU
		{24C5FD48-CE87-4826-9C84-F8AF4D9AFAF4}.Debug|Any CPU.Build.0 = Debug|Any CPU
		{24C5FD48-CE87-4826-9C84-F8AF4D9AFAF4}.Release|Any CPU.ActiveCfg = Release|Any CPU
		{24C5FD48-CE87-4826-9C84-F8AF4D9AFAF4}.Release|Any CPU.Build.0 = Release|Any CPU
		{88CD6379-AD73-4550-A5D5-D08AF2C416E1}.Debug|Any CPU.ActiveCfg = Debug|Any CPU
		{88CD6379-AD73-4550-A5D5-D08AF2C416E1}.Debug|Any CPU.Build.0 = Debug|Any CPU
		{88CD6379-AD73-4550-A5D5-D08AF2C416E1}.Release|Any CPU.ActiveCfg = Release|Any CPU
		{88CD6379-AD73-4550-A5D5-D08AF2C416E1}.Release|Any CPU.Build.0 = Release|Any CPU
		{F35F1D86-0873-4E62-9679-92C8E88633AA}.Debug|Any CPU.ActiveCfg = Debug|Any CPU
		{F35F1D86-0873-4E62-9679-92C8E88633AA}.Debug|Any CPU.Build.0 = Debug|Any CPU
		{F35F1D86-0873-4E62-9679-92C8E88633AA}.Release|Any CPU.ActiveCfg = Release|Any CPU
		{F35F1D86-0873-4E62-9679-92C8E88633AA}.Release|Any CPU.Build.0 = Release|Any CPU
		{353A27DA-2112-4BAD-8796-8BE758791240}.Debug|Any CPU.ActiveCfg = Debug|Any CPU
		{353A27DA-2112-4BAD-8796-8BE758791240}.Debug|Any CPU.Build.0 = Debug|Any CPU
		{353A27DA-2112-4BAD-8796-8BE758791240}.Release|Any CPU.ActiveCfg = Release|Any CPU
		{353A27DA-2112-4BAD-8796-8BE758791240}.Release|Any CPU.Build.0 = Release|Any CPU
		{B821E654-336E-4452-982B-36F13EEC65B0}.Debug|Any CPU.ActiveCfg = Debug|Any CPU
		{B821E654-336E-4452-982B-36F13EEC65B0}.Debug|Any CPU.Build.0 = Debug|Any CPU
		{B821E654-336E-4452-982B-36F13EEC65B0}.Release|Any CPU.ActiveCfg = Release|Any CPU
		{B821E654-336E-4452-982B-36F13EEC65B0}.Release|Any CPU.Build.0 = Release|Any CPU
		{C03F7A19-DBB4-411F-A9BE-03DA6C440DC9}.Debug|Any CPU.ActiveCfg = Debug|Any CPU
		{C03F7A19-DBB4-411F-A9BE-03DA6C440DC9}.Debug|Any CPU.Build.0 = Debug|Any CPU
		{C03F7A19-DBB4-411F-A9BE-03DA6C440DC9}.Release|Any CPU.ActiveCfg = Release|Any CPU
		{C03F7A19-DBB4-411F-A9BE-03DA6C440DC9}.Release|Any CPU.Build.0 = Release|Any CPU
		{5305042D-424A-4D7E-832A-A65F49317E9E}.Debug|Any CPU.ActiveCfg = Debug|Any CPU
		{5305042D-424A-4D7E-832A-A65F49317E9E}.Debug|Any CPU.Build.0 = Debug|Any CPU
		{5305042D-424A-4D7E-832A-A65F49317E9E}.Release|Any CPU.ActiveCfg = Release|Any CPU
		{5305042D-424A-4D7E-832A-A65F49317E9E}.Release|Any CPU.Build.0 = Release|Any CPU
		{1413AA51-BB7F-4110-B6F5-61CD8911CDA6}.Debug|Any CPU.ActiveCfg = Debug|Any CPU
		{1413AA51-BB7F-4110-B6F5-61CD8911CDA6}.Debug|Any CPU.Build.0 = Debug|Any CPU
		{1413AA51-BB7F-4110-B6F5-61CD8911CDA6}.Release|Any CPU.ActiveCfg = Release|Any CPU
		{1413AA51-BB7F-4110-B6F5-61CD8911CDA6}.Release|Any CPU.Build.0 = Release|Any CPU
		{F7787BE3-171A-4E2C-828D-32AEBF48E696}.Debug|Any CPU.ActiveCfg = Debug|Any CPU
		{F7787BE3-171A-4E2C-828D-32AEBF48E696}.Debug|Any CPU.Build.0 = Debug|Any CPU
		{F7787BE3-171A-4E2C-828D-32AEBF48E696}.Release|Any CPU.ActiveCfg = Release|Any CPU
		{F7787BE3-171A-4E2C-828D-32AEBF48E696}.Release|Any CPU.Build.0 = Release|Any CPU
		{31AA5721-99A5-4B74-9E05-699B7F40B7FF}.Debug|Any CPU.ActiveCfg = Debug|Any CPU
		{31AA5721-99A5-4B74-9E05-699B7F40B7FF}.Debug|Any CPU.Build.0 = Debug|Any CPU
		{31AA5721-99A5-4B74-9E05-699B7F40B7FF}.Release|Any CPU.ActiveCfg = Release|Any CPU
		{31AA5721-99A5-4B74-9E05-699B7F40B7FF}.Release|Any CPU.Build.0 = Release|Any CPU
		{A69C1249-CC69-4D41-880B-679B694DE484}.Debug|Any CPU.ActiveCfg = Debug|Any CPU
		{A69C1249-CC69-4D41-880B-679B694DE484}.Debug|Any CPU.Build.0 = Debug|Any CPU
		{A69C1249-CC69-4D41-880B-679B694DE484}.Release|Any CPU.ActiveCfg = Release|Any CPU
		{A69C1249-CC69-4D41-880B-679B694DE484}.Release|Any CPU.Build.0 = Release|Any CPU
		{DE4F5A61-8588-4802-8450-625B7F6A830C}.Debug|Any CPU.ActiveCfg = Debug|Any CPU
		{DE4F5A61-8588-4802-8450-625B7F6A830C}.Debug|Any CPU.Build.0 = Debug|Any CPU
		{DE4F5A61-8588-4802-8450-625B7F6A830C}.Release|Any CPU.ActiveCfg = Release|Any CPU
		{DE4F5A61-8588-4802-8450-625B7F6A830C}.Release|Any CPU.Build.0 = Release|Any CPU
		{DAAF7A38-B580-4814-A20C-4FC1C0FB434F}.Debug|Any CPU.ActiveCfg = Debug|Any CPU
		{DAAF7A38-B580-4814-A20C-4FC1C0FB434F}.Debug|Any CPU.Build.0 = Debug|Any CPU
		{DAAF7A38-B580-4814-A20C-4FC1C0FB434F}.Release|Any CPU.ActiveCfg = Release|Any CPU
		{DAAF7A38-B580-4814-A20C-4FC1C0FB434F}.Release|Any CPU.Build.0 = Release|Any CPU
		{0C913F87-2A73-4614-A48D-83DC95F5DC8A}.Debug|Any CPU.ActiveCfg = Debug|Any CPU
		{0C913F87-2A73-4614-A48D-83DC95F5DC8A}.Debug|Any CPU.Build.0 = Debug|Any CPU
		{0C913F87-2A73-4614-A48D-83DC95F5DC8A}.Release|Any CPU.ActiveCfg = Release|Any CPU
		{0C913F87-2A73-4614-A48D-83DC95F5DC8A}.Release|Any CPU.Build.0 = Release|Any CPU
		{90349730-A554-4EA3-B02B-77ED2D1D4855}.Debug|Any CPU.ActiveCfg = Debug|Any CPU
		{90349730-A554-4EA3-B02B-77ED2D1D4855}.Debug|Any CPU.Build.0 = Debug|Any CPU
		{90349730-A554-4EA3-B02B-77ED2D1D4855}.Release|Any CPU.ActiveCfg = Release|Any CPU
		{90349730-A554-4EA3-B02B-77ED2D1D4855}.Release|Any CPU.Build.0 = Release|Any CPU
	EndGlobalSection
	GlobalSection(SolutionProperties) = preSolution
		HideSolutionNode = FALSE
	EndGlobalSection
	GlobalSection(NestedProjects) = preSolution
		{8ABAA982-9AC1-487D-AA6D-1AA64448FFBB} = {CC53737A-ED55-472C-9617-FE4A4BD40203}
		{47D6B367-ACB0-4D2F-98AA-699B36AC68C3} = {8ABAA982-9AC1-487D-AA6D-1AA64448FFBB}
		{34E80B4D-D055-4803-B433-1A6EBE89D4E8} = {47D6B367-ACB0-4D2F-98AA-699B36AC68C3}
		{74422439-0424-474C-9862-176A89432AB1} = {47D6B367-ACB0-4D2F-98AA-699B36AC68C3}
		{079F2F7D-16F3-42A4-9F5B-39F0FF5616BF} = {8ABAA982-9AC1-487D-AA6D-1AA64448FFBB}
		{616F3DD8-7C73-4EA8-947F-BB06E01007F7} = {079F2F7D-16F3-42A4-9F5B-39F0FF5616BF}
		{E5C379F5-5EE0-4B54-9396-BD65E271BA41} = {079F2F7D-16F3-42A4-9F5B-39F0FF5616BF}
		{857B7E4C-17D6-44AB-848D-57818B44FB52} = {CC53737A-ED55-472C-9617-FE4A4BD40203}
		{F53AEC72-CD0E-4389-9013-976B91401E9E} = {857B7E4C-17D6-44AB-848D-57818B44FB52}
		{9F20D7C7-6BCF-4E28-9F9F-54E058FBCECD} = {F53AEC72-CD0E-4389-9013-976B91401E9E}
		{0C5E12E1-1527-44DE-9748-0E45ED5E9679} = {F53AEC72-CD0E-4389-9013-976B91401E9E}
		{FD90BCF6-6112-469B-B807-A840B4A2FA25} = {857B7E4C-17D6-44AB-848D-57818B44FB52}
		{F52778C0-958C-44FB-A91B-DA352E8B8C64} = {FD90BCF6-6112-469B-B807-A840B4A2FA25}
		{35154A7D-5BE4-43BD-B582-BBCA0B8A5F40} = {FD90BCF6-6112-469B-B807-A840B4A2FA25}
		{E0E02C25-7A02-4C9F-BE98-7CE2C300D802} = {CC53737A-ED55-472C-9617-FE4A4BD40203}
		{589AD02D-73A0-4E3B-BA9D-47B09335FD47} = {E0E02C25-7A02-4C9F-BE98-7CE2C300D802}
		{ABCE9DDD-431A-48B1-9B7C-539E043767CD} = {589AD02D-73A0-4E3B-BA9D-47B09335FD47}
		{7332FF10-16F3-4162-9FD1-4CB9BF55B83D} = {589AD02D-73A0-4E3B-BA9D-47B09335FD47}
		{288D92AF-E2B2-43D1-9CF0-BE31CF06E2EA} = {E0E02C25-7A02-4C9F-BE98-7CE2C300D802}
		{8BC2C2EB-F6D5-4FAD-AA87-18984B34B335} = {288D92AF-E2B2-43D1-9CF0-BE31CF06E2EA}
		{3BB804A3-337C-425D-9765-51E22F19D618} = {288D92AF-E2B2-43D1-9CF0-BE31CF06E2EA}
		{79D250B2-71EE-4131-BA67-AEE547DD0D53} = {CC53737A-ED55-472C-9617-FE4A4BD40203}
		{77706855-A8B4-41E7-9BEF-6AA7AD24306F} = {79D250B2-71EE-4131-BA67-AEE547DD0D53}
		{BABF8A65-D6E9-4598-A3A6-79298A66F6D7} = {77706855-A8B4-41E7-9BEF-6AA7AD24306F}
		{6FD39687-3ACD-4B5B-98DE-99747D631F40} = {77706855-A8B4-41E7-9BEF-6AA7AD24306F}
		{5742ABE3-A0BF-499A-AE26-1F43447CD366} = {79D250B2-71EE-4131-BA67-AEE547DD0D53}
		{A2ECD6B6-52C7-4F0C-8326-7583A5170A42} = {5742ABE3-A0BF-499A-AE26-1F43447CD366}
		{B9F93BFE-3345-45B4-8352-001A05C6E4C9} = {5742ABE3-A0BF-499A-AE26-1F43447CD366}
		{4C958184-671B-4841-9485-8EA19D2895C4} = {CC53737A-ED55-472C-9617-FE4A4BD40203}
		{CBEE9FB3-34A1-4905-A37E-DAF59039714F} = {4C958184-671B-4841-9485-8EA19D2895C4}
		{1AFED66F-1CE0-412E-9AF6-098B24F68A0D} = {CBEE9FB3-34A1-4905-A37E-DAF59039714F}
		{4DAE44F7-B94C-4027-A656-79B35E1212F8} = {CBEE9FB3-34A1-4905-A37E-DAF59039714F}
		{E610DC9A-5F60-472D-8CC9-C79BE0967841} = {CC53737A-ED55-472C-9617-FE4A4BD40203}
		{AF162E7C-F98C-4A40-832B-764F9BB3B645} = {E610DC9A-5F60-472D-8CC9-C79BE0967841}
		{C554C1A9-7B40-4E7B-9FDC-79B53CDABDCD} = {AF162E7C-F98C-4A40-832B-764F9BB3B645}
		{2F96825F-F947-4B7B-A150-D5E6D4DBF8EB} = {AF162E7C-F98C-4A40-832B-764F9BB3B645}
		{4ADDA140-4E80-4A53-9251-30F427D4A36B} = {E610DC9A-5F60-472D-8CC9-C79BE0967841}
		{44A9C633-07D9-42E5-8024-880B8516D88F} = {4ADDA140-4E80-4A53-9251-30F427D4A36B}
		{50115B7D-05EF-4BF8-8B1E-55FCB72A9304} = {4ADDA140-4E80-4A53-9251-30F427D4A36B}
		{1ADE3C83-AD84-4671-85CD-ACCD4777C141} = {A499EE12-A735-403D-A1D4-916BD963E142}
		{D7DDAE11-ABC3-4124-9ED9-297AECA1CA57} = {1ADE3C83-AD84-4671-85CD-ACCD4777C141}
		{234D2B1E-30FB-4AC1-BBA6-411114FFF7FD} = {D7DDAE11-ABC3-4124-9ED9-297AECA1CA57}
		{57612D43-DAE0-4D2D-9FEB-63EA69C927A3} = {D7DDAE11-ABC3-4124-9ED9-297AECA1CA57}
		{068CE66F-6AE3-4905-B198-E6FD3872D13B} = {1ADE3C83-AD84-4671-85CD-ACCD4777C141}
		{37A34E58-F775-40BB-BC49-62ED26554006} = {068CE66F-6AE3-4905-B198-E6FD3872D13B}
		{08F9A6C2-145F-4099-9A0B-7790F0442C98} = {068CE66F-6AE3-4905-B198-E6FD3872D13B}
		{54682471-EEF9-412F-B071-9D626C82AC0B} = {A499EE12-A735-403D-A1D4-916BD963E142}
		{41F052CE-D645-43E0-B24C-1B40270ADFCD} = {54682471-EEF9-412F-B071-9D626C82AC0B}
		{5B084504-3C46-4D8C-BB72-23AB38D63AD8} = {41F052CE-D645-43E0-B24C-1B40270ADFCD}
		{5EA6512A-BE22-4B93-A049-814AFB3FD1EB} = {41F052CE-D645-43E0-B24C-1B40270ADFCD}
		{AF4EBC78-D5D1-4405-9772-2E036011929B} = {54682471-EEF9-412F-B071-9D626C82AC0B}
		{220F1E37-82F0-4B13-BC38-F92F76308C3E} = {AF4EBC78-D5D1-4405-9772-2E036011929B}
		{98B98C4B-6881-4502-80F0-04E687E4E06D} = {AF4EBC78-D5D1-4405-9772-2E036011929B}
		{3BCF9ACC-7513-4AB8-9478-A507C8E896DC} = {A499EE12-A735-403D-A1D4-916BD963E142}
		{76FDFA78-E83D-4E6F-9131-C40139064503} = {3BCF9ACC-7513-4AB8-9478-A507C8E896DC}
		{FF8A80DF-346B-44D3-ACC5-4D2C11866667} = {76FDFA78-E83D-4E6F-9131-C40139064503}
		{8116DA49-1951-4B96-AA83-DB4EE38CBF2F} = {3BCF9ACC-7513-4AB8-9478-A507C8E896DC}
		{22FC1916-1479-4618-B0CC-C4C3E416BE0B} = {8116DA49-1951-4B96-AA83-DB4EE38CBF2F}
		{D52906B2-7BFD-4AE3-83AE-8DE7DB0B82D3} = {A499EE12-A735-403D-A1D4-916BD963E142}
		{4272D1A8-4B35-4E97-8A3D-4B7439AF1A1C} = {D52906B2-7BFD-4AE3-83AE-8DE7DB0B82D3}
		{36746571-BCDB-465C-8419-C2E47D08D674} = {4272D1A8-4B35-4E97-8A3D-4B7439AF1A1C}
		{4487F79B-C80F-4C15-A99C-A7AEA19A43AA} = {4272D1A8-4B35-4E97-8A3D-4B7439AF1A1C}
		{BDF113CE-6F73-4EB7-96A0-13AAD2E42D89} = {D52906B2-7BFD-4AE3-83AE-8DE7DB0B82D3}
		{20532FFB-6426-439D-81FE-5C1F59CDF7CF} = {BDF113CE-6F73-4EB7-96A0-13AAD2E42D89}
		{97B61913-0B5E-43EE-9641-2B9A9A068F28} = {BDF113CE-6F73-4EB7-96A0-13AAD2E42D89}
		{25AE8B5A-E643-490E-A6D7-EA1149A26E1A} = {A499EE12-A735-403D-A1D4-916BD963E142}
		{F374AA1F-5B2E-4E67-9830-A7623A0E2254} = {25AE8B5A-E643-490E-A6D7-EA1149A26E1A}
		{6333FFB6-7858-449E-9E80-8A1B138AA69B} = {F374AA1F-5B2E-4E67-9830-A7623A0E2254}
		{5E6F9B6A-CD60-4A2F-8242-8EF44D34EBFD} = {F374AA1F-5B2E-4E67-9830-A7623A0E2254}
		{D93F341C-F648-4E84-B5E7-257CB22BC9FE} = {25AE8B5A-E643-490E-A6D7-EA1149A26E1A}
		{9ADEBBD9-1481-44FD-8205-F578D6160AFD} = {D93F341C-F648-4E84-B5E7-257CB22BC9FE}
		{8DAD07F4-6BC4-4C67-BCEC-BD090EE0D11C} = {D93F341C-F648-4E84-B5E7-257CB22BC9FE}
		{5852DBC4-99C3-46C1-833E-C987FF9FCA5B} = {A499EE12-A735-403D-A1D4-916BD963E142}
		{A32AB344-DB74-4C38-A49F-DE9A6A22AF93} = {5852DBC4-99C3-46C1-833E-C987FF9FCA5B}
		{EAD60B20-54B3-4CFD-B7A7-2D09398001B6} = {A32AB344-DB74-4C38-A49F-DE9A6A22AF93}
		{420AFA7A-BFDD-4674-8A1C-63BA61047995} = {A32AB344-DB74-4C38-A49F-DE9A6A22AF93}
		{6350F715-E9BE-4ECC-BF06-4E12BD6E9D90} = {5852DBC4-99C3-46C1-833E-C987FF9FCA5B}
		{2A1118BD-8726-4E16-9A19-E3A8B732A4A7} = {6350F715-E9BE-4ECC-BF06-4E12BD6E9D90}
		{E109C916-D612-49D9-AF37-DA4AA52162D4} = {6350F715-E9BE-4ECC-BF06-4E12BD6E9D90}
		{77CBEF31-8241-43DE-86A5-3009827E1A21} = {E3496C96-B6D2-4E30-A6A5-12980FA0F1C5}
		{854F520F-D227-42BB-8FAC-4F0E29F4973D} = {77CBEF31-8241-43DE-86A5-3009827E1A21}
		{973A56E7-7E81-4957-82E2-BCFE6D042BEF} = {854F520F-D227-42BB-8FAC-4F0E29F4973D}
		{24C5FD48-CE87-4826-9C84-F8AF4D9AFAF4} = {854F520F-D227-42BB-8FAC-4F0E29F4973D}
		{D61FA118-FA85-46AF-AE06-AF50FF2450A1} = {77CBEF31-8241-43DE-86A5-3009827E1A21}
		{88CD6379-AD73-4550-A5D5-D08AF2C416E1} = {D61FA118-FA85-46AF-AE06-AF50FF2450A1}
		{F35F1D86-0873-4E62-9679-92C8E88633AA} = {D61FA118-FA85-46AF-AE06-AF50FF2450A1}
		{99127D5F-AA85-4099-9F6E-958AF67FB81C} = {E3496C96-B6D2-4E30-A6A5-12980FA0F1C5}
		{EF65ECF2-405F-4C58-BC28-A28B686AB621} = {99127D5F-AA85-4099-9F6E-958AF67FB81C}
		{353A27DA-2112-4BAD-8796-8BE758791240} = {EF65ECF2-405F-4C58-BC28-A28B686AB621}
		{B821E654-336E-4452-982B-36F13EEC65B0} = {EF65ECF2-405F-4C58-BC28-A28B686AB621}
		{C5B9BD85-001C-4D90-84C5-869004C9FB83} = {99127D5F-AA85-4099-9F6E-958AF67FB81C}
		{C03F7A19-DBB4-411F-A9BE-03DA6C440DC9} = {C5B9BD85-001C-4D90-84C5-869004C9FB83}
		{5305042D-424A-4D7E-832A-A65F49317E9E} = {C5B9BD85-001C-4D90-84C5-869004C9FB83}
		{12212F15-71F7-421D-89A8-E01938D5DF04} = {E3496C96-B6D2-4E30-A6A5-12980FA0F1C5}
		{9E5F0685-4DD7-468C-A924-F93C033594D9} = {12212F15-71F7-421D-89A8-E01938D5DF04}
		{1413AA51-BB7F-4110-B6F5-61CD8911CDA6} = {9E5F0685-4DD7-468C-A924-F93C033594D9}
		{F7787BE3-171A-4E2C-828D-32AEBF48E696} = {9E5F0685-4DD7-468C-A924-F93C033594D9}
		{7668CAE7-70F0-462E-965C-77905E8262B9} = {12212F15-71F7-421D-89A8-E01938D5DF04}
		{31AA5721-99A5-4B74-9E05-699B7F40B7FF} = {7668CAE7-70F0-462E-965C-77905E8262B9}
		{A69C1249-CC69-4D41-880B-679B694DE484} = {7668CAE7-70F0-462E-965C-77905E8262B9}
		{60573CEA-524F-42BA-98F6-F7F97E83AA8B} = {E3496C96-B6D2-4E30-A6A5-12980FA0F1C5}
		{1E43BF55-B863-4652-A990-94C1C6280441} = {60573CEA-524F-42BA-98F6-F7F97E83AA8B}
		{DE4F5A61-8588-4802-8450-625B7F6A830C} = {1E43BF55-B863-4652-A990-94C1C6280441}
		{DAAF7A38-B580-4814-A20C-4FC1C0FB434F} = {1E43BF55-B863-4652-A990-94C1C6280441}
		{07E14C15-440F-4CE9-A503-7AC3C20A302C} = {60573CEA-524F-42BA-98F6-F7F97E83AA8B}
		{0C913F87-2A73-4614-A48D-83DC95F5DC8A} = {07E14C15-440F-4CE9-A503-7AC3C20A302C}
		{90349730-A554-4EA3-B02B-77ED2D1D4855} = {07E14C15-440F-4CE9-A503-7AC3C20A302C}
	EndGlobalSection
	GlobalSection(ExtensibilityGlobals) = postSolution
		SolutionGuid = {0978A54F-35F8-441D-8DD2-A855173FD6AF}
	EndGlobalSection
EndGlobal
