
Microsoft Visual Studio Solution File, Format Version 12.00
# Visual Studio Version 17
VisualStudioVersion = 17.4.33205.214
MinimumVisualStudioVersion = 10.0.40219.1
Project("{2150E333-8FDC-42A3-9474-1A3956D46DE8}") = "ch6", "ch6", "{CC53737A-ED55-472C-9617-FE4A4BD40203}"
EndProject
Project("{2150E333-8FDC-42A3-9474-1A3956D46DE8}") = "CreationMethod", "CreationMethod", "{8ABAA982-9AC1-487D-AA6D-1AA64448FFBB}"
EndProject
Project("{2150E333-8FDC-42A3-9474-1A3956D46DE8}") = "Before", "Before", "{47D6B367-ACB0-4D2F-98AA-699B36AC68C3}"
EndProject
Project("{9A19103F-16F7-4668-BE54-9A1E7A4F7556}") = "CreationMethod", "ch6\CreationMethod\Before\CreationMethod\CreationMethod.csproj", "{34E80B4D-D055-4803-B433-1A6EBE89D4E8}"
EndProject
Project("{9A19103F-16F7-4668-BE54-9A1E7A4F7556}") = "CreationMethod.Tests", "ch6\CreationMethod\Before\CreationMethod.Tests\CreationMethod.Tests.csproj", "{74422439-0424-474C-9862-176A89432AB1}"
EndProject
Project("{2150E333-8FDC-42A3-9474-1A3956D46DE8}") = "After", "After", "{079F2F7D-16F3-42A4-9F5B-39F0FF5616BF}"
EndProject
Project("{9A19103F-16F7-4668-BE54-9A1E7A4F7556}") = "CreationMethod", "ch6\CreationMethod\After\CreationMethod\CreationMethod.csproj", "{616F3DD8-7C73-4EA8-947F-BB06E01007F7}"
EndProject
Project("{9A19103F-16F7-4668-BE54-9A1E7A4F7556}") = "CreationMethod.Tests", "ch6\CreationMethod\After\CreationMethod.Tests\CreationMethod.Tests.csproj", "{E5C379F5-5EE0-4B54-9396-BD65E271BA41}"
EndProject
Project("{2150E333-8FDC-42A3-9474-1A3956D46DE8}") = "Move Creation Knowledge to Factory", "Move Creation Knowledge to Factory", "{857B7E4C-17D6-44AB-848D-57818B44FB52}"
EndProject
Project("{2150E333-8FDC-42A3-9474-1A3956D46DE8}") = "Before", "Before", "{F53AEC72-CD0E-4389-9013-976B91401E9E}"
EndProject
Project("{9A19103F-16F7-4668-BE54-9A1E7A4F7556}") = "MCKtoF", "ch6\Move Creation Knowledge to Factory\Before\MCKtoF\MCKtoF.csproj", "{9F20D7C7-6BCF-4E28-9F9F-54E058FBCECD}"
EndProject
Project("{9A19103F-16F7-4668-BE54-9A1E7A4F7556}") = "MCKtoF.Tests", "ch6\Move Creation Knowledge to Factory\Before\MCKtoF.Tests\MCKtoF.Tests.csproj", "{0C5E12E1-1527-44DE-9748-0E45ED5E9679}"
EndProject
Project("{2150E333-8FDC-42A3-9474-1A3956D46DE8}") = "After", "After", "{FD90BCF6-6112-469B-B807-A840B4A2FA25}"
EndProject
Project("{9A19103F-16F7-4668-BE54-9A1E7A4F7556}") = "MCKtoF", "ch6\Move Creation Knowledge to Factory\After\MCKtoF\MCKtoF.csproj", "{F52778C0-958C-44FB-A91B-DA352E8B8C64}"
EndProject
Project("{9A19103F-16F7-4668-BE54-9A1E7A4F7556}") = "MCKtoF.Tests", "ch6\Move Creation Knowledge to Factory\After\MCKtoF.Tests\MCKtoF.Tests.csproj", "{35154A7D-5BE4-43BD-B582-BBCA0B8A5F40}"
EndProject
Project("{2150E333-8FDC-42A3-9474-1A3956D46DE8}") = "Encapsulate Classes with Factory", "Encapsulate Classes with Factory", "{E0E02C25-7A02-4C9F-BE98-7CE2C300D802}"
EndProject
Project("{2150E333-8FDC-42A3-9474-1A3956D46DE8}") = "Before", "Before", "{589AD02D-73A0-4E3B-BA9D-47B09335FD47}"
EndProject
Project("{9A19103F-16F7-4668-BE54-9A1E7A4F7556}") = "ECwF", "ch6\Encapsulate Classes with Factory\Before\ECwF\ECwF.csproj", "{ABCE9DDD-431A-48B1-9B7C-539E043767CD}"
EndProject
Project("{9A19103F-16F7-4668-BE54-9A1E7A4F7556}") = "ECwF.Tests", "ch6\Encapsulate Classes with Factory\Before\ECwF.Tests\ECwF.Tests.csproj", "{7332FF10-16F3-4162-9FD1-4CB9BF55B83D}"
EndProject
Project("{2150E333-8FDC-42A3-9474-1A3956D46DE8}") = "After", "After", "{288D92AF-E2B2-43D1-9CF0-BE31CF06E2EA}"
EndProject
Project("{9A19103F-16F7-4668-BE54-9A1E7A4F7556}") = "ECwF", "ch6\Encapsulate Classes with Factory\After\ECwF\ECwF.csproj", "{8BC2C2EB-F6D5-4FAD-AA87-18984B34B335}"
EndProject
Project("{9A19103F-16F7-4668-BE54-9A1E7A4F7556}") = "ECwF.Tests", "ch6\Encapsulate Classes with Factory\After\ECwF.Tests\ECwF.Tests.csproj", "{3BB804A3-337C-425D-9765-51E22F19D618}"
EndProject
Project("{2150E333-8FDC-42A3-9474-1A3956D46DE8}") = "Introduce Polymorphic Creation with Factory Method", "Introduce Polymorphic Creation with Factory Method", "{79D250B2-71EE-4131-BA67-AEE547DD0D53}"
EndProject
Project("{2150E333-8FDC-42A3-9474-1A3956D46DE8}") = "Before", "Before", "{77706855-A8B4-41E7-9BEF-6AA7AD24306F}"
EndProject
Project("{9A19103F-16F7-4668-BE54-9A1E7A4F7556}") = "IPCwFM", "ch6\Introduce Polymorphic Creation with Factory Method\Before\IPCwFM\IPCwFM.csproj", "{BABF8A65-D6E9-4598-A3A6-79298A66F6D7}"
EndProject
Project("{FAE04EC0-301F-11D3-BF4B-00C04F79EFBC}") = "IPCwFM.Tests", "ch6\Introduce Polymorphic Creation with Factory Method\Before\IPCwFM.Tests\IPCwFM.Tests.csproj", "{6FD39687-3ACD-4B5B-98DE-99747D631F40}"
EndProject
Project("{2150E333-8FDC-42A3-9474-1A3956D46DE8}") = "After", "After", "{5742ABE3-A0BF-499A-AE26-1F43447CD366}"
EndProject
Project("{9A19103F-16F7-4668-BE54-9A1E7A4F7556}") = "IPCwFM", "ch6\Introduce Polymorphic Creation with Factory Method\After\IPCwFM\IPCwFM.csproj", "{A2ECD6B6-52C7-4F0C-8326-7583A5170A42}"
EndProject
Project("{9A19103F-16F7-4668-BE54-9A1E7A4F7556}") = "IPCwFM.Tests", "ch6\Introduce Polymorphic Creation with Factory Method\After\IPCwFM.Tests\IPCwFM.Tests.csproj", "{B9F93BFE-3345-45B4-8352-001A05C6E4C9}"
EndProject
Global
	GlobalSection(SolutionConfigurationPlatforms) = preSolution
		Debug|Any CPU = Debug|Any CPU
		Release|Any CPU = Release|Any CPU
	EndGlobalSection
	GlobalSection(ProjectConfigurationPlatforms) = postSolution
		{34E80B4D-D055-4803-B433-1A6EBE89D4E8}.Debug|Any CPU.ActiveCfg = Debug|Any CPU
		{34E80B4D-D055-4803-B433-1A6EBE89D4E8}.Debug|Any CPU.Build.0 = Debug|Any CPU
		{34E80B4D-D055-4803-B433-1A6EBE89D4E8}.Release|Any CPU.ActiveCfg = Release|Any CPU
		{34E80B4D-D055-4803-B433-1A6EBE89D4E8}.Release|Any CPU.Build.0 = Release|Any CPU
		{74422439-0424-474C-9862-176A89432AB1}.Debug|Any CPU.ActiveCfg = Debug|Any CPU
		{74422439-0424-474C-9862-176A89432AB1}.Debug|Any CPU.Build.0 = Debug|Any CPU
		{74422439-0424-474C-9862-176A89432AB1}.Release|Any CPU.ActiveCfg = Release|Any CPU
		{74422439-0424-474C-9862-176A89432AB1}.Release|Any CPU.Build.0 = Release|Any CPU
		{616F3DD8-7C73-4EA8-947F-BB06E01007F7}.Debug|Any CPU.ActiveCfg = Debug|Any CPU
		{616F3DD8-7C73-4EA8-947F-BB06E01007F7}.Debug|Any CPU.Build.0 = Debug|Any CPU
		{616F3DD8-7C73-4EA8-947F-BB06E01007F7}.Release|Any CPU.ActiveCfg = Release|Any CPU
		{616F3DD8-7C73-4EA8-947F-BB06E01007F7}.Release|Any CPU.Build.0 = Release|Any CPU
		{E5C379F5-5EE0-4B54-9396-BD65E271BA41}.Debug|Any CPU.ActiveCfg = Debug|Any CPU
		{E5C379F5-5EE0-4B54-9396-BD65E271BA41}.Debug|Any CPU.Build.0 = Debug|Any CPU
		{E5C379F5-5EE0-4B54-9396-BD65E271BA41}.Release|Any CPU.ActiveCfg = Release|Any CPU
		{E5C379F5-5EE0-4B54-9396-BD65E271BA41}.Release|Any CPU.Build.0 = Release|Any CPU
		{9F20D7C7-6BCF-4E28-9F9F-54E058FBCECD}.Debug|Any CPU.ActiveCfg = Debug|Any CPU
		{9F20D7C7-6BCF-4E28-9F9F-54E058FBCECD}.Debug|Any CPU.Build.0 = Debug|Any CPU
		{9F20D7C7-6BCF-4E28-9F9F-54E058FBCECD}.Release|Any CPU.ActiveCfg = Release|Any CPU
		{9F20D7C7-6BCF-4E28-9F9F-54E058FBCECD}.Release|Any CPU.Build.0 = Release|Any CPU
		{0C5E12E1-1527-44DE-9748-0E45ED5E9679}.Debug|Any CPU.ActiveCfg = Debug|Any CPU
		{0C5E12E1-1527-44DE-9748-0E45ED5E9679}.Debug|Any CPU.Build.0 = Debug|Any CPU
		{0C5E12E1-1527-44DE-9748-0E45ED5E9679}.Release|Any CPU.ActiveCfg = Release|Any CPU
		{0C5E12E1-1527-44DE-9748-0E45ED5E9679}.Release|Any CPU.Build.0 = Release|Any CPU
		{F52778C0-958C-44FB-A91B-DA352E8B8C64}.Debug|Any CPU.ActiveCfg = Debug|Any CPU
		{F52778C0-958C-44FB-A91B-DA352E8B8C64}.Debug|Any CPU.Build.0 = Debug|Any CPU
		{F52778C0-958C-44FB-A91B-DA352E8B8C64}.Release|Any CPU.ActiveCfg = Release|Any CPU
		{F52778C0-958C-44FB-A91B-DA352E8B8C64}.Release|Any CPU.Build.0 = Release|Any CPU
		{35154A7D-5BE4-43BD-B582-BBCA0B8A5F40}.Debug|Any CPU.ActiveCfg = Debug|Any CPU
		{35154A7D-5BE4-43BD-B582-BBCA0B8A5F40}.Debug|Any CPU.Build.0 = Debug|Any CPU
		{35154A7D-5BE4-43BD-B582-BBCA0B8A5F40}.Release|Any CPU.ActiveCfg = Release|Any CPU
		{35154A7D-5BE4-43BD-B582-BBCA0B8A5F40}.Release|Any CPU.Build.0 = Release|Any CPU
		{ABCE9DDD-431A-48B1-9B7C-539E043767CD}.Debug|Any CPU.ActiveCfg = Debug|Any CPU
		{ABCE9DDD-431A-48B1-9B7C-539E043767CD}.Debug|Any CPU.Build.0 = Debug|Any CPU
		{ABCE9DDD-431A-48B1-9B7C-539E043767CD}.Release|Any CPU.ActiveCfg = Release|Any CPU
		{ABCE9DDD-431A-48B1-9B7C-539E043767CD}.Release|Any CPU.Build.0 = Release|Any CPU
		{7332FF10-16F3-4162-9FD1-4CB9BF55B83D}.Debug|Any CPU.ActiveCfg = Debug|Any CPU
		{7332FF10-16F3-4162-9FD1-4CB9BF55B83D}.Debug|Any CPU.Build.0 = Debug|Any CPU
		{7332FF10-16F3-4162-9FD1-4CB9BF55B83D}.Release|Any CPU.ActiveCfg = Release|Any CPU
		{7332FF10-16F3-4162-9FD1-4CB9BF55B83D}.Release|Any CPU.Build.0 = Release|Any CPU
		{8BC2C2EB-F6D5-4FAD-AA87-18984B34B335}.Debug|Any CPU.ActiveCfg = Debug|Any CPU
		{8BC2C2EB-F6D5-4FAD-AA87-18984B34B335}.Debug|Any CPU.Build.0 = Debug|Any CPU
		{8BC2C2EB-F6D5-4FAD-AA87-18984B34B335}.Release|Any CPU.ActiveCfg = Release|Any CPU
		{8BC2C2EB-F6D5-4FAD-AA87-18984B34B335}.Release|Any CPU.Build.0 = Release|Any CPU
		{3BB804A3-337C-425D-9765-51E22F19D618}.Debug|Any CPU.ActiveCfg = Debug|Any CPU
		{3BB804A3-337C-425D-9765-51E22F19D618}.Debug|Any CPU.Build.0 = Debug|Any CPU
		{3BB804A3-337C-425D-9765-51E22F19D618}.Release|Any CPU.ActiveCfg = Release|Any CPU
		{3BB804A3-337C-425D-9765-51E22F19D618}.Release|Any CPU.Build.0 = Release|Any CPU
		{BABF8A65-D6E9-4598-A3A6-79298A66F6D7}.Debug|Any CPU.ActiveCfg = Debug|Any CPU
		{BABF8A65-D6E9-4598-A3A6-79298A66F6D7}.Debug|Any CPU.Build.0 = Debug|Any CPU
		{BABF8A65-D6E9-4598-A3A6-79298A66F6D7}.Release|Any CPU.ActiveCfg = Release|Any CPU
		{BABF8A65-D6E9-4598-A3A6-79298A66F6D7}.Release|Any CPU.Build.0 = Release|Any CPU
		{6FD39687-3ACD-4B5B-98DE-99747D631F40}.Debug|Any CPU.ActiveCfg = Debug|Any CPU
		{6FD39687-3ACD-4B5B-98DE-99747D631F40}.Debug|Any CPU.Build.0 = Debug|Any CPU
		{6FD39687-3ACD-4B5B-98DE-99747D631F40}.Release|Any CPU.ActiveCfg = Release|Any CPU
		{6FD39687-3ACD-4B5B-98DE-99747D631F40}.Release|Any CPU.Build.0 = Release|Any CPU
		{A2ECD6B6-52C7-4F0C-8326-7583A5170A42}.Debug|Any CPU.ActiveCfg = Debug|Any CPU
		{A2ECD6B6-52C7-4F0C-8326-7583A5170A42}.Debug|Any CPU.Build.0 = Debug|Any CPU
		{A2ECD6B6-52C7-4F0C-8326-7583A5170A42}.Release|Any CPU.ActiveCfg = Release|Any CPU
		{A2ECD6B6-52C7-4F0C-8326-7583A5170A42}.Release|Any CPU.Build.0 = Release|Any CPU
		{B9F93BFE-3345-45B4-8352-001A05C6E4C9}.Debug|Any CPU.ActiveCfg = Debug|Any CPU
		{B9F93BFE-3345-45B4-8352-001A05C6E4C9}.Debug|Any CPU.Build.0 = Debug|Any CPU
		{B9F93BFE-3345-45B4-8352-001A05C6E4C9}.Release|Any CPU.ActiveCfg = Release|Any CPU
		{B9F93BFE-3345-45B4-8352-001A05C6E4C9}.Release|Any CPU.Build.0 = Release|Any CPU
	EndGlobalSection
	GlobalSection(SolutionProperties) = preSolution
		HideSolutionNode = FALSE
	EndGlobalSection
	GlobalSection(NestedProjects) = preSolution
		{8ABAA982-9AC1-487D-AA6D-1AA64448FFBB} = {CC53737A-ED55-472C-9617-FE4A4BD40203}
		{47D6B367-ACB0-4D2F-98AA-699B36AC68C3} = {8ABAA982-9AC1-487D-AA6D-1AA64448FFBB}
		{34E80B4D-D055-4803-B433-1A6EBE89D4E8} = {47D6B367-ACB0-4D2F-98AA-699B36AC68C3}
		{74422439-0424-474C-9862-176A89432AB1} = {47D6B367-ACB0-4D2F-98AA-699B36AC68C3}
		{079F2F7D-16F3-42A4-9F5B-39F0FF5616BF} = {8ABAA982-9AC1-487D-AA6D-1AA64448FFBB}
		{616F3DD8-7C73-4EA8-947F-BB06E01007F7} = {079F2F7D-16F3-42A4-9F5B-39F0FF5616BF}
		{E5C379F5-5EE0-4B54-9396-BD65E271BA41} = {079F2F7D-16F3-42A4-9F5B-39F0FF5616BF}
		{857B7E4C-17D6-44AB-848D-57818B44FB52} = {CC53737A-ED55-472C-9617-FE4A4BD40203}
		{F53AEC72-CD0E-4389-9013-976B91401E9E} = {857B7E4C-17D6-44AB-848D-57818B44FB52}
		{9F20D7C7-6BCF-4E28-9F9F-54E058FBCECD} = {F53AEC72-CD0E-4389-9013-976B91401E9E}
		{0C5E12E1-1527-44DE-9748-0E45ED5E9679} = {F53AEC72-CD0E-4389-9013-976B91401E9E}
		{FD90BCF6-6112-469B-B807-A840B4A2FA25} = {857B7E4C-17D6-44AB-848D-57818B44FB52}
		{F52778C0-958C-44FB-A91B-DA352E8B8C64} = {FD90BCF6-6112-469B-B807-A840B4A2FA25}
		{35154A7D-5BE4-43BD-B582-BBCA0B8A5F40} = {FD90BCF6-6112-469B-B807-A840B4A2FA25}
		{E0E02C25-7A02-4C9F-BE98-7CE2C300D802} = {CC53737A-ED55-472C-9617-FE4A4BD40203}
		{589AD02D-73A0-4E3B-BA9D-47B09335FD47} = {E0E02C25-7A02-4C9F-BE98-7CE2C300D802}
		{ABCE9DDD-431A-48B1-9B7C-539E043767CD} = {589AD02D-73A0-4E3B-BA9D-47B09335FD47}
		{7332FF10-16F3-4162-9FD1-4CB9BF55B83D} = {589AD02D-73A0-4E3B-BA9D-47B09335FD47}
		{288D92AF-E2B2-43D1-9CF0-BE31CF06E2EA} = {E0E02C25-7A02-4C9F-BE98-7CE2C300D802}
		{8BC2C2EB-F6D5-4FAD-AA87-18984B34B335} = {288D92AF-E2B2-43D1-9CF0-BE31CF06E2EA}
		{3BB804A3-337C-425D-9765-51E22F19D618} = {288D92AF-E2B2-43D1-9CF0-BE31CF06E2EA}
		{79D250B2-71EE-4131-BA67-AEE547DD0D53} = {CC53737A-ED55-472C-9617-FE4A4BD40203}
		{77706855-A8B4-41E7-9BEF-6AA7AD24306F} = {79D250B2-71EE-4131-BA67-AEE547DD0D53}
		{BABF8A65-D6E9-4598-A3A6-79298A66F6D7} = {77706855-A8B4-41E7-9BEF-6AA7AD24306F}
		{6FD39687-3ACD-4B5B-98DE-99747D631F40} = {77706855-A8B4-41E7-9BEF-6AA7AD24306F}
		{5742ABE3-A0BF-499A-AE26-1F43447CD366} = {79D250B2-71EE-4131-BA67-AEE547DD0D53}
		{A2ECD6B6-52C7-4F0C-8326-7583A5170A42} = {5742ABE3-A0BF-499A-AE26-1F43447CD366}
		{B9F93BFE-3345-45B4-8352-001A05C6E4C9} = {5742ABE3-A0BF-499A-AE26-1F43447CD366}
	EndGlobalSection
	GlobalSection(ExtensibilityGlobals) = postSolution
		SolutionGuid = {0978A54F-35F8-441D-8DD2-A855173FD6AF}
	EndGlobalSection
EndGlobal
